
Microsoft Visual Studio Solution File, Format Version 12.00
# Visual Studio Version 17
VisualStudioVersion = 17.7.34031.279
MinimumVisualStudioVersion = 10.0.40219.1
Project("{9A19103F-16F7-4668-BE54-9A1E7A4F7556}") = "MyDownload", "MyDownload\MyDownload.csproj", "{B74F6966-3D33-4A23-94FD-4D27518EB51C}"
EndProject
Project("{54435603-DBB4-11D2-8724-00A0C9A8B90C}") = "没什么用的下载器安装程序", "没什么用的下载器安装程序\没什么用的下载器安装程序.vdproj", "{7584BFBD-2D05-4E53-B0E3-7AC545AEE745}"
EndProject
Global
	GlobalSection(SolutionConfigurationPlatforms) = preSolution
		Debug|Any CPU = Debug|Any CPU
		Release|Any CPU = Release|Any CPU
	EndGlobalSection
	GlobalSection(ProjectConfigurationPlatforms) = postSolution
		{B74F6966-3D33-4A23-94FD-4D27518EB51C}.Debug|Any CPU.ActiveCfg = Debug|Any CPU
		{B74F6966-3D33-4A23-94FD-4D27518EB51C}.Debug|Any CPU.Build.0 = Debug|Any CPU
		{B74F6966-3D33-4A23-94FD-4D27518EB51C}.Release|Any CPU.ActiveCfg = Release|Any CPU
		{B74F6966-3D33-4A23-94FD-4D27518EB51C}.Release|Any CPU.Build.0 = Release|Any CPU
		{7584BFBD-2D05-4E53-B0E3-7AC545AEE745}.Debug|Any CPU.ActiveCfg = Debug
		{7584BFBD-2D05-4E53-B0E3-7AC545AEE745}.Release|Any CPU.ActiveCfg = Release
	EndGlobalSection
	GlobalSection(SolutionProperties) = preSolution
		HideSolutionNode = FALSE
	EndGlobalSection
	GlobalSection(ExtensibilityGlobals) = postSolution
		SolutionGuid = {30C2181E-0788-4C06-9044-0872AA6A68A1}
	EndGlobalSection
EndGlobal
